<?xml version="1.0" encoding="utf-8"?>
<Project ToolsVersion="4.0" xmlns="http://schemas.microsoft.com/developer/msbuild/2003">
  <ItemGroup>
    <ClCompile Include="..\src\app.cpp" />
    <ClCompile Include="..\src\cppscript.cpp" />
  </ItemGroup>
  <ItemGroup>
    <ClInclude Include="..\src\cppscript.h" />
  </ItemGroup>
  <ItemGroup>
    <None Include="..\bin\scriptutils\clean.bat" />
    <None Include="..\bin\scriptutils\compile.bat" />
  </ItemGroup>
</Project>